{
  "name": "ri-docusaurus-webpack-plugin",
  "lockfileVersion": 3,
  "requires": true,
  "packages": {
    "": {
      "name": "ri-docusaurus-webpack-plugin",
      "dependencies": {
        "reason-loader": "^0.1.0-dev.8"
      }
    },
    "node_modules/reason-loader": {
      "version": "0.1.0-dev.8",
      "resolved": "https://registry.npmjs.org/reason-loader/-/reason-loader-0.1.0-dev.8.tgz",
      "integrity": "sha512-7thm1PK1qBpWATVJ2STYsF47/i53vEppcDhg0GT818eCOeYvCqWiF7zRvK7KniAYpMFwtbrxccSoWLzFe5ICAw=="
    }
  }
}
