{
  "name": "ri-docusaurus-webpack-plugin",
  "lockfileVersion": 3,
  "requires": true,
  "packages": {
    "": {
      "name": "ri-docusaurus-webpack-plugin",
      "dependencies": {
        "reason-loader": "*"
      }
    },
    "node_modules/reason-loader": {
      "version": "0.1.0-dev.1",
      "resolved": "https://registry.npmjs.org/reason-loader/-/reason-loader-0.1.0-dev.1.tgz",
      "integrity": "sha512-N1PNcy1+PgbjdZYY0amLwRQ1VsnonvDHex7iZ5P09fe+3Upzp3vWFp0TXtQ3Ii1Ia2NQKo9bp73sE6RwqVfXTQ=="
    }
  }
}
